
Microsoft Visual Studio Solution File, Format Version 12.00
# Visual Studio Version 16
VisualStudioVersion = 16.0.30011.22
MinimumVisualStudioVersion = 10.0.40219.1
Project("{2150E333-8FDC-42A3-9474-1A3956D46DE8}") = "Domain", "Domain", "{E358DE85-E460-4E14-9B2A-669901149CEE}"
EndProject
Project("{2150E333-8FDC-42A3-9474-1A3956D46DE8}") = "Infra.Bus", "Infra.Bus", "{38C2AEE2-5E5F-472B-A641-33451BA04D1E}"
EndProject
Project("{2150E333-8FDC-42A3-9474-1A3956D46DE8}") = "Infra.IoC", "Infra.IoC", "{B56E9F6B-C13E-44C1-8639-CFB2020B43E7}"
EndProject
Project("{2150E333-8FDC-42A3-9474-1A3956D46DE8}") = "Microservices", "Microservices", "{6AB9E5BB-E365-4FAC-B5D8-5ECDFCBC85DA}"
EndProject
Project("{2150E333-8FDC-42A3-9474-1A3956D46DE8}") = "Presentation", "Presentation", "{8DE9C501-F1DC-4B62-A31A-31085D96A954}"
EndProject
Project("{FAE04EC0-301F-11D3-BF4B-00C04F79EFBC}") = "MicroRabbit.Domain.Core", "MicroRabbit.Domain.Core\MicroRabbit.Domain.Core.csproj", "{10DA7723-E519-44D0-811A-F4D7F0B31EB0}"
EndProject
Global
	GlobalSection(SolutionConfigurationPlatforms) = preSolution
		Debug|Any CPU = Debug|Any CPU
		Release|Any CPU = Release|Any CPU
	EndGlobalSection
	GlobalSection(ProjectConfigurationPlatforms) = postSolution
		{10DA7723-E519-44D0-811A-F4D7F0B31EB0}.Debug|Any CPU.ActiveCfg = Debug|Any CPU
		{10DA7723-E519-44D0-811A-F4D7F0B31EB0}.Debug|Any CPU.Build.0 = Debug|Any CPU
		{10DA7723-E519-44D0-811A-F4D7F0B31EB0}.Release|Any CPU.ActiveCfg = Release|Any CPU
		{10DA7723-E519-44D0-811A-F4D7F0B31EB0}.Release|Any CPU.Build.0 = Release|Any CPU
	EndGlobalSection
	GlobalSection(SolutionProperties) = preSolution
		HideSolutionNode = FALSE
	EndGlobalSection
	GlobalSection(NestedProjects) = preSolution
		{10DA7723-E519-44D0-811A-F4D7F0B31EB0} = {E358DE85-E460-4E14-9B2A-669901149CEE}
	EndGlobalSection
	GlobalSection(ExtensibilityGlobals) = postSolution
		SolutionGuid = {2D6CAE99-D97D-474C-BB90-1CC71B51773B}
	EndGlobalSection
EndGlobal
