
Microsoft Visual Studio Solution File, Format Version 12.00
# Visual Studio Version 16
VisualStudioVersion = 16.0.30011.22
MinimumVisualStudioVersion = 10.0.40219.1
Project("{2150E333-8FDC-42A3-9474-1A3956D46DE8}") = "Domain", "Domain", "{E358DE85-E460-4E14-9B2A-669901149CEE}"
EndProject
Project("{2150E333-8FDC-42A3-9474-1A3956D46DE8}") = "Infra.Bus", "Infra.Bus", "{38C2AEE2-5E5F-472B-A641-33451BA04D1E}"
EndProject
Project("{2150E333-8FDC-42A3-9474-1A3956D46DE8}") = "Infra.IoC", "Infra.IoC", "{B56E9F6B-C13E-44C1-8639-CFB2020B43E7}"
EndProject
Project("{2150E333-8FDC-42A3-9474-1A3956D46DE8}") = "Microservices", "Microservices", "{6AB9E5BB-E365-4FAC-B5D8-5ECDFCBC85DA}"
EndProject
Project("{2150E333-8FDC-42A3-9474-1A3956D46DE8}") = "Presentation", "Presentation", "{8DE9C501-F1DC-4B62-A31A-31085D96A954}"
EndProject
Project("{FAE04EC0-301F-11D3-BF4B-00C04F79EFBC}") = "MicroRabbit.Domain.Core", "MicroRabbit.Domain.Core\MicroRabbit.Domain.Core.csproj", "{10DA7723-E519-44D0-811A-F4D7F0B31EB0}"
EndProject
Project("{FAE04EC0-301F-11D3-BF4B-00C04F79EFBC}") = "MicroRabbit.Infra.Bus", "MicroRabbit.Infra.Bus\MicroRabbit.Infra.Bus.csproj", "{2C9ED332-48B6-4BDA-9455-0028382E8721}"
EndProject
Project("{FAE04EC0-301F-11D3-BF4B-00C04F79EFBC}") = "MicroRabbit.Infra.IoC", "MicroRabbit.Infra.IoC\MicroRabbit.Infra.IoC.csproj", "{D6A9EFD3-1961-4688-B2DB-B4D67FA877D2}"
EndProject
Project("{2150E333-8FDC-42A3-9474-1A3956D46DE8}") = "Banking", "Banking", "{557227D1-BE58-4B0B-8AB1-C2DBFBD3C4CF}"
EndProject
Project("{2150E333-8FDC-42A3-9474-1A3956D46DE8}") = "Api", "Api", "{2924361F-23EB-49F2-8946-1CD6A76D42D9}"
EndProject
Project("{2150E333-8FDC-42A3-9474-1A3956D46DE8}") = "Application", "Application", "{06BD8599-BAA8-4BB7-A1C6-907C1E8CF799}"
EndProject
Project("{2150E333-8FDC-42A3-9474-1A3956D46DE8}") = "Data", "Data", "{5F9F6301-71CA-4912-AD63-668795EAA6BF}"
EndProject
Project("{2150E333-8FDC-42A3-9474-1A3956D46DE8}") = "Domain", "Domain", "{ED91213F-1BCD-4A0F-A614-213A7DD8CBB3}"
EndProject
Project("{FAE04EC0-301F-11D3-BF4B-00C04F79EFBC}") = "MicroRabbit.Banking.Api", "MicroRabbit.Banking.Api\MicroRabbit.Banking.Api.csproj", "{911415EA-E990-4A1B-B6E4-5EBF727E9C3D}"
EndProject
Project("{FAE04EC0-301F-11D3-BF4B-00C04F79EFBC}") = "MicroRabbit.Banking.Application", "MicroRabbit.Banking.Application\MicroRabbit.Banking.Application.csproj", "{DDE3C319-6BA7-48EC-8893-AA5CC356BF19}"
EndProject
Project("{FAE04EC0-301F-11D3-BF4B-00C04F79EFBC}") = "MicroRabbit.Banking.Data", "MicroRabbit.Banking.Data\MicroRabbit.Banking.Data.csproj", "{EE6AD891-CF76-4856-9705-9D6BDA14C97B}"
EndProject
Project("{FAE04EC0-301F-11D3-BF4B-00C04F79EFBC}") = "MicroRabbit.Banking.Domain", "MicroRabbit.Banking.Domain\MicroRabbit.Banking.Domain.csproj", "{F8A424B8-F454-453C-888F-732D96877AC2}"
EndProject
Global
	GlobalSection(SolutionConfigurationPlatforms) = preSolution
		Debug|Any CPU = Debug|Any CPU
		Release|Any CPU = Release|Any CPU
	EndGlobalSection
	GlobalSection(ProjectConfigurationPlatforms) = postSolution
		{10DA7723-E519-44D0-811A-F4D7F0B31EB0}.Debug|Any CPU.ActiveCfg = Debug|Any CPU
		{10DA7723-E519-44D0-811A-F4D7F0B31EB0}.Debug|Any CPU.Build.0 = Debug|Any CPU
		{10DA7723-E519-44D0-811A-F4D7F0B31EB0}.Release|Any CPU.ActiveCfg = Release|Any CPU
		{10DA7723-E519-44D0-811A-F4D7F0B31EB0}.Release|Any CPU.Build.0 = Release|Any CPU
		{2C9ED332-48B6-4BDA-9455-0028382E8721}.Debug|Any CPU.ActiveCfg = Debug|Any CPU
		{2C9ED332-48B6-4BDA-9455-0028382E8721}.Debug|Any CPU.Build.0 = Debug|Any CPU
		{2C9ED332-48B6-4BDA-9455-0028382E8721}.Release|Any CPU.ActiveCfg = Release|Any CPU
		{2C9ED332-48B6-4BDA-9455-0028382E8721}.Release|Any CPU.Build.0 = Release|Any CPU
		{D6A9EFD3-1961-4688-B2DB-B4D67FA877D2}.Debug|Any CPU.ActiveCfg = Debug|Any CPU
		{D6A9EFD3-1961-4688-B2DB-B4D67FA877D2}.Debug|Any CPU.Build.0 = Debug|Any CPU
		{D6A9EFD3-1961-4688-B2DB-B4D67FA877D2}.Release|Any CPU.ActiveCfg = Release|Any CPU
		{D6A9EFD3-1961-4688-B2DB-B4D67FA877D2}.Release|Any CPU.Build.0 = Release|Any CPU
		{911415EA-E990-4A1B-B6E4-5EBF727E9C3D}.Debug|Any CPU.ActiveCfg = Debug|Any CPU
		{911415EA-E990-4A1B-B6E4-5EBF727E9C3D}.Debug|Any CPU.Build.0 = Debug|Any CPU
		{911415EA-E990-4A1B-B6E4-5EBF727E9C3D}.Release|Any CPU.ActiveCfg = Release|Any CPU
		{911415EA-E990-4A1B-B6E4-5EBF727E9C3D}.Release|Any CPU.Build.0 = Release|Any CPU
		{DDE3C319-6BA7-48EC-8893-AA5CC356BF19}.Debug|Any CPU.ActiveCfg = Debug|Any CPU
		{DDE3C319-6BA7-48EC-8893-AA5CC356BF19}.Debug|Any CPU.Build.0 = Debug|Any CPU
		{DDE3C319-6BA7-48EC-8893-AA5CC356BF19}.Release|Any CPU.ActiveCfg = Release|Any CPU
		{DDE3C319-6BA7-48EC-8893-AA5CC356BF19}.Release|Any CPU.Build.0 = Release|Any CPU
		{EE6AD891-CF76-4856-9705-9D6BDA14C97B}.Debug|Any CPU.ActiveCfg = Debug|Any CPU
		{EE6AD891-CF76-4856-9705-9D6BDA14C97B}.Debug|Any CPU.Build.0 = Debug|Any CPU
		{EE6AD891-CF76-4856-9705-9D6BDA14C97B}.Release|Any CPU.ActiveCfg = Release|Any CPU
		{EE6AD891-CF76-4856-9705-9D6BDA14C97B}.Release|Any CPU.Build.0 = Release|Any CPU
		{F8A424B8-F454-453C-888F-732D96877AC2}.Debug|Any CPU.ActiveCfg = Debug|Any CPU
		{F8A424B8-F454-453C-888F-732D96877AC2}.Debug|Any CPU.Build.0 = Debug|Any CPU
		{F8A424B8-F454-453C-888F-732D96877AC2}.Release|Any CPU.ActiveCfg = Release|Any CPU
		{F8A424B8-F454-453C-888F-732D96877AC2}.Release|Any CPU.Build.0 = Release|Any CPU
	EndGlobalSection
	GlobalSection(SolutionProperties) = preSolution
		HideSolutionNode = FALSE
	EndGlobalSection
	GlobalSection(NestedProjects) = preSolution
		{10DA7723-E519-44D0-811A-F4D7F0B31EB0} = {E358DE85-E460-4E14-9B2A-669901149CEE}
		{2C9ED332-48B6-4BDA-9455-0028382E8721} = {38C2AEE2-5E5F-472B-A641-33451BA04D1E}
		{D6A9EFD3-1961-4688-B2DB-B4D67FA877D2} = {B56E9F6B-C13E-44C1-8639-CFB2020B43E7}
		{557227D1-BE58-4B0B-8AB1-C2DBFBD3C4CF} = {6AB9E5BB-E365-4FAC-B5D8-5ECDFCBC85DA}
		{2924361F-23EB-49F2-8946-1CD6A76D42D9} = {557227D1-BE58-4B0B-8AB1-C2DBFBD3C4CF}
		{06BD8599-BAA8-4BB7-A1C6-907C1E8CF799} = {557227D1-BE58-4B0B-8AB1-C2DBFBD3C4CF}
		{5F9F6301-71CA-4912-AD63-668795EAA6BF} = {557227D1-BE58-4B0B-8AB1-C2DBFBD3C4CF}
		{ED91213F-1BCD-4A0F-A614-213A7DD8CBB3} = {557227D1-BE58-4B0B-8AB1-C2DBFBD3C4CF}
		{911415EA-E990-4A1B-B6E4-5EBF727E9C3D} = {2924361F-23EB-49F2-8946-1CD6A76D42D9}
		{DDE3C319-6BA7-48EC-8893-AA5CC356BF19} = {06BD8599-BAA8-4BB7-A1C6-907C1E8CF799}
		{EE6AD891-CF76-4856-9705-9D6BDA14C97B} = {5F9F6301-71CA-4912-AD63-668795EAA6BF}
		{F8A424B8-F454-453C-888F-732D96877AC2} = {ED91213F-1BCD-4A0F-A614-213A7DD8CBB3}
	EndGlobalSection
	GlobalSection(ExtensibilityGlobals) = postSolution
		SolutionGuid = {2D6CAE99-D97D-474C-BB90-1CC71B51773B}
	EndGlobalSection
EndGlobal
